// !$*UTF8*$!
{
	archiveVersion = 1;
	classes = {
	};
	objectVersion = 50;
	objects = {

/* Begin PBXBuildFile section */
		6704F568262A6AAF00F4177E /* vpnIcon.png in Resources */ = {isa = PBXBuildFile; fileRef = 6704F567262A6AAF00F4177E /* vpnIcon.png */; };
		6704F56C262A738F00F4177E /* menuIcon.png in Resources */ = {isa = PBXBuildFile; fileRef = 6704F56B262A738F00F4177E /* menuIcon.png */; };
		6704F572262A784200F4177E /* SecondViewController.swift in Sources */ = {isa = PBXBuildFile; fileRef = 6704F571262A784200F4177E /* SecondViewController.swift */; };
		67241AC026287C940075BDF1 /* AppDelegate.swift in Sources */ = {isa = PBXBuildFile; fileRef = 67241ABF26287C940075BDF1 /* AppDelegate.swift */; };
		67241AC226287C940075BDF1 /* SceneDelegate.swift in Sources */ = {isa = PBXBuildFile; fileRef = 67241AC126287C940075BDF1 /* SceneDelegate.swift */; };
		67241AC426287C940075BDF1 /* ViewController.swift in Sources */ = {isa = PBXBuildFile; fileRef = 67241AC326287C940075BDF1 /* ViewController.swift */; };
		67241AC726287C940075BDF1 /* Main.storyboard in Resources */ = {isa = PBXBuildFile; fileRef = 67241AC526287C940075BDF1 /* Main.storyboard */; };
		67241AC926287C950075BDF1 /* Assets.xcassets in Resources */ = {isa = PBXBuildFile; fileRef = 67241AC826287C950075BDF1 /* Assets.xcassets */; };
		67241ACC26287C950075BDF1 /* LaunchScreen.storyboard in Resources */ = {isa = PBXBuildFile; fileRef = 67241ACA26287C950075BDF1 /* LaunchScreen.storyboard */; };
/* End PBXBuildFile section */

/* Begin PBXFileReference section */
		6704F567262A6AAF00F4177E /* vpnIcon.png */ = {isa = PBXFileReference; lastKnownFileType = image.png; path = vpnIcon.png; sourceTree = "<group>"; };
		6704F56B262A738F00F4177E /* menuIcon.png */ = {isa = PBXFileReference; lastKnownFileType = image.png; path = menuIcon.png; sourceTree = "<group>"; };
		6704F571262A784200F4177E /* SecondViewController.swift */ = {isa = PBXFileReference; lastKnownFileType = sourcecode.swift; path = SecondViewController.swift; sourceTree = "<group>"; };
		67241ABC26287C940075BDF1 /* TestForWebSolutions.app */ = {isa = PBXFileReference; explicitFileType = wrapper.application; includeInIndex = 0; path = TestForWebSolutions.app; sourceTree = BUILT_PRODUCTS_DIR; };
		67241ABF26287C940075BDF1 /* AppDelegate.swift */ = {isa = PBXFileReference; lastKnownFileType = sourcecode.swift; path = AppDelegate.swift; sourceTree = "<group>"; };
		67241AC126287C940075BDF1 /* SceneDelegate.swift */ = {isa = PBXFileReference; lastKnownFileType = sourcecode.swift; path = SceneDelegate.swift; sourceTree = "<group>"; };
		67241AC326287C940075BDF1 /* ViewController.swift */ = {isa = PBXFileReference; lastKnownFileType = sourcecode.swift; path = ViewController.swift; sourceTree = "<group>"; };
		67241AC626287C940075BDF1 /* Base */ = {isa = PBXFileReference; lastKnownFileType = file.storyboard; name = Base; path = Base.lproj/Main.storyboard; sourceTree = "<group>"; };
		67241AC826287C950075BDF1 /* Assets.xcassets */ = {isa = PBXFileReference; lastKnownFileType = folder.assetcatalog; path = Assets.xcassets; sourceTree = "<group>"; };
		67241ACB26287C950075BDF1 /* Base */ = {isa = PBXFileReference; lastKnownFileType = file.storyboard; name = Base; path = Base.lproj/LaunchScreen.storyboard; sourceTree = "<group>"; };
		67241ACD26287C950075BDF1 /* Info.plist */ = {isa = PBXFileReference; lastKnownFileType = text.plist.xml; path = Info.plist; sourceTree = "<group>"; };
/* End PBXFileReference section */

/* Begin PBXFrameworksBuildPhase section */
		67241AB926287C940075BDF1 /* Frameworks */ = {
			isa = PBXFrameworksBuildPhase;
			buildActionMask = 2147483647;
			files = (
			);
			runOnlyForDeploymentPostprocessing = 0;
		};
/* End PBXFrameworksBuildPhase section */

/* Begin PBXGroup section */
		67241AB326287C940075BDF1 = {
			isa = PBXGroup;
			children = (
				67241ABE26287C940075BDF1 /* TestForWebSolutions */,
				67241ABD26287C940075BDF1 /* Products */,
			);
			sourceTree = "<group>";
		};
		67241ABD26287C940075BDF1 /* Products */ = {
			isa = PBXGroup;
			children = (
				67241ABC26287C940075BDF1 /* TestForWebSolutions.app */,
			);
			name = Products;
			sourceTree = "<group>";
		};
		67241ABE26287C940075BDF1 /* TestForWebSolutions */ = {
			isa = PBXGroup;
			children = (
				67241ABF26287C940075BDF1 /* AppDelegate.swift */,
				67241AC126287C940075BDF1 /* SceneDelegate.swift */,
				67241AC326287C940075BDF1 /* ViewController.swift */,
				67241AC526287C940075BDF1 /* Main.storyboard */,
				6704F571262A784200F4177E /* SecondViewController.swift */,
				6704F567262A6AAF00F4177E /* vpnIcon.png */,
				6704F56B262A738F00F4177E /* menuIcon.png */,
				67241AC826287C950075BDF1 /* Assets.xcassets */,
				67241ACA26287C950075BDF1 /* LaunchScreen.storyboard */,
				67241ACD26287C950075BDF1 /* Info.plist */,
			);
			path = TestForWebSolutions;
			sourceTree = "<group>";
		};
/* End PBXGroup section */

/* Begin PBXNativeTarget section */
		67241ABB26287C940075BDF1 /* TestForWebSolutions */ = {
			isa = PBXNativeTarget;
			buildConfigurationList = 67241AD026287C950075BDF1 /* Build configuration list for PBXNativeTarget "TestForWebSolutions" */;
			buildPhases = (
				67241AB826287C940075BDF1 /* Sources */,
				67241AB926287C940075BDF1 /* Frameworks */,
				67241ABA26287C940075BDF1 /* Resources */,
			);
			buildRules = (
			);
			dependencies = (
			);
			name = TestForWebSolutions;
			productName = TestForWebSolutions;
			productReference = 67241ABC26287C940075BDF1 /* TestForWebSolutions.app */;
			productType = "com.apple.product-type.application";
		};
/* End PBXNativeTarget section */

/* Begin PBXProject section */
		67241AB426287C940075BDF1 /* Project object */ = {
			isa = PBXProject;
			attributes = {
				LastSwiftUpdateCheck = 1240;
				LastUpgradeCheck = 1240;
				TargetAttributes = {
					67241ABB26287C940075BDF1 = {
						CreatedOnToolsVersion = 12.4;
					};
				};
			};
			buildConfigurationList = 67241AB726287C940075BDF1 /* Build configuration list for PBXProject "TestForWebSolutions" */;
			compatibilityVersion = "Xcode 9.3";
			developmentRegion = en;
			hasScannedForEncodings = 0;
			knownRegions = (
				en,
				Base,
			);
			mainGroup = 67241AB326287C940075BDF1;
			productRefGroup = 67241ABD26287C940075BDF1 /* Products */;
			projectDirPath = "";
			projectRoot = "";
			targets = (
				67241ABB26287C940075BDF1 /* TestForWebSolutions */,
			);
		};
/* End PBXProject section */

/* Begin PBXResourcesBuildPhase section */
		67241ABA26287C940075BDF1 /* Resources */ = {
			isa = PBXResourcesBuildPhase;
			buildActionMask = 2147483647;
			files = (
				67241ACC26287C950075BDF1 /* LaunchScreen.storyboard in Resources */,
				6704F568262A6AAF00F4177E /* vpnIcon.png in Resources */,
				67241AC926287C950075BDF1 /* Assets.xcassets in Resources */,
				67241AC726287C940075BDF1 /* Main.storyboard in Resources */,
				6704F56C262A738F00F4177E /* menuIcon.png in Resources */,
			);
			runOnlyForDeploymentPostprocessing = 0;
		};
/* End PBXResourcesBuildPhase section */

/* Begin PBXSourcesBuildPhase section */
		67241AB826287C940075BDF1 /* Sources */ = {
			isa = PBXSourcesBuildPhase;
			buildActionMask = 2147483647;
			files = (
				6704F572262A784200F4177E /* SecondViewController.swift in Sources */,
				67241AC426287C940075BDF1 /* ViewController.swift in Sources */,
				67241AC026287C940075BDF1 /* AppDelegate.swift in Sources */,
				67241AC226287C940075BDF1 /* SceneDelegate.swift in Sources */,
			);
			runOnlyForDeploymentPostprocessing = 0;
		};
/* End PBXSourcesBuildPhase section */

/* Begin PBXVariantGroup section */
		67241AC526287C940075BDF1 /* Main.storyboard */ = {
			isa = PBXVariantGroup;
			children = (
				67241AC626287C940075BDF1 /* Base */,
			);
			name = Main.storyboard;
			sourceTree = "<group>";
		};
		67241ACA26287C950075BDF1 /* LaunchScreen.storyboard */ = {
			isa = PBXVariantGroup;
			children = (
				67241ACB26287C950075BDF1 /* Base */,
			);
			name = LaunchScreen.storyboard;
			sourceTree = "<group>";
		};
/* End PBXVariantGroup section */

/* Begin XCBuildConfiguration section */
		67241ACE26287C950075BDF1 /* Debug */ = {
			isa = XCBuildConfiguration;
			buildSettings = {
				ALWAYS_SEARCH_USER_PATHS = NO;
				CLANG_ANALYZER_NONNULL = YES;
				CLANG_ANALYZER_NUMBER_OBJECT_CONVERSION = YES_AGGRESSIVE;
				CLANG_CXX_LANGUAGE_STANDARD = "gnu++14";
				CLANG_CXX_LIBRARY = "libc++";
				CLANG_ENABLE_MODULES = YES;
				CLANG_ENABLE_OBJC_ARC = YES;
				CLANG_ENABLE_OBJC_WEAK = YES;
				CLANG_WARN_BLOCK_CAPTURE_AUTORELEASING = YES;
				CLANG_WARN_BOOL_CONVERSION = YES;
				CLANG_WARN_COMMA = YES;
				CLANG_WARN_CONSTANT_CONVERSION = YES;
				CLANG_WARN_DEPRECATED_OBJC_IMPLEMENTATIONS = YES;
				CLANG_WARN_DIRECT_OBJC_ISA_USAGE = YES_ERROR;
				CLANG_WARN_DOCUMENTATION_COMMENTS = YES;
				CLANG_WARN_EMPTY_BODY = YES;
				CLANG_WARN_ENUM_CONVERSION = YES;
				CLANG_WARN_INFINITE_RECURSION = YES;
				CLANG_WARN_INT_CONVERSION = YES;
				CLANG_WARN_NON_LITERAL_NULL_CONVERSION = YES;
				CLANG_WARN_OBJC_IMPLICIT_RETAIN_SELF = YES;
				CLANG_WARN_OBJC_LITERAL_CONVERSION = YES;
				CLANG_WARN_OBJC_ROOT_CLASS = YES_ERROR;
				CLANG_WARN_QUOTED_INCLUDE_IN_FRAMEWORK_HEADER = YES;
				CLANG_WARN_RANGE_LOOP_ANALYSIS = YES;
				CLANG_WARN_STRICT_PROTOTYPES = YES;
				CLANG_WARN_SUSPICIOUS_MOVE = YES;
				CLANG_WARN_UNGUARDED_AVAILABILITY = YES_AGGRESSIVE;
				CLANG_WARN_UNREACHABLE_CODE = YES;
				CLANG_WARN__DUPLICATE_METHOD_MATCH = YES;
				COPY_PHASE_STRIP = NO;
				DEBUG_INFORMATION_FORMAT = dwarf;
				ENABLE_STRICT_OBJC_MSGSEND = YES;
				ENABLE_TESTABILITY = YES;
				GCC_C_LANGUAGE_STANDARD = gnu11;
				GCC_DYNAMIC_NO_PIC = NO;
				GCC_NO_COMMON_BLOCKS = YES;
				GCC_OPTIMIZATION_LEVEL = 0;
				GCC_PREPROCESSOR_DEFINITIONS = (
					"DEBUG=1",
					"$(inherited)",
				);
				GCC_WARN_64_TO_32_BIT_CONVERSION = YES;
				GCC_WARN_ABOUT_RETURN_TYPE = YES_ERROR;
				GCC_WARN_UNDECLARED_SELECTOR = YES;
				GCC_WARN_UNINITIALIZED_AUTOS = YES_AGGRESSIVE;
				GCC_WARN_UNUSED_FUNCTION = YES;
				GCC_WARN_UNUSED_VARIABLE = YES;
				IPHONEOS_DEPLOYMENT_TARGET = 14.4;
				MTL_ENABLE_DEBUG_INFO = INCLUDE_SOURCE;
				MTL_FAST_MATH = YES;
				ONLY_ACTIVE_ARCH = YES;
				SDKROOT = iphoneos;
				SWIFT_ACTIVE_COMPILATION_CONDITIONS = DEBUG;
				SWIFT_OPTIMIZATION_LEVEL = "-Onone";
			};
			name = Debug;
		};
		67241ACF26287C950075BDF1 /* Release */ = {
			isa = XCBuildConfiguration;
			buildSettings = {
				ALWAYS_SEARCH_USER_PATHS = NO;
				CLANG_ANALYZER_NONNULL = YES;
				CLANG_ANALYZER_NUMBER_OBJECT_CONVERSION = YES_AGGRESSIVE;
				CLANG_CXX_LANGUAGE_STANDARD = "gnu++14";
				CLANG_CXX_LIBRARY = "libc++";
				CLANG_ENABLE_MODULES = YES;
				CLANG_ENABLE_OBJC_ARC = YES;
				CLANG_ENABLE_OBJC_WEAK = YES;
				CLANG_WARN_BLOCK_CAPTURE_AUTORELEASING = YES;
				CLANG_WARN_BOOL_CONVERSION = YES;
				CLANG_WARN_COMMA = YES;
				CLANG_WARN_CONSTANT_CONVERSION = YES;
				CLANG_WARN_DEPRECATED_OBJC_IMPLEMENTATIONS = YES;
				CLANG_WARN_DIRECT_OBJC_ISA_USAGE = YES_ERROR;
				CLANG_WARN_DOCUMENTATION_COMMENTS = YES;
				CLANG_WARN_EMPTY_BODY = YES;
				CLANG_WARN_ENUM_CONVERSION = YES;
				CLANG_WARN_INFINITE_RECURSION = YES;
				CLANG_WARN_INT_CONVERSION = YES;
				CLANG_WARN_NON_LITERAL_NULL_CONVERSION = YES;
				CLANG_WARN_OBJC_IMPLICIT_RETAIN_SELF = YES;
				CLANG_WARN_OBJC_LITERAL_CONVERSION = YES;
				CLANG_WARN_OBJC_ROOT_CLASS = YES_ERROR;
				CLANG_WARN_QUOTED_INCLUDE_IN_FRAMEWORK_HEADER = YES;
				CLANG_WARN_RANGE_LOOP_ANALYSIS = YES;
				CLANG_WARN_STRICT_PROTOTYPES = YES;
				CLANG_WARN_SUSPICIOUS_MOVE = YES;
				CLANG_WARN_UNGUARDED_AVAILABILITY = YES_AGGRESSIVE;
				CLANG_WARN_UNREACHABLE_CODE = YES;
				CLANG_WARN__DUPLICATE_METHOD_MATCH = YES;
				COPY_PHASE_STRIP = NO;
				DEBUG_INFORMATION_FORMAT = "dwarf-with-dsym";
				ENABLE_NS_ASSERTIONS = NO;
				ENABLE_STRICT_OBJC_MSGSEND = YES;
				GCC_C_LANGUAGE_STANDARD = gnu11;
				GCC_NO_COMMON_BLOCKS = YES;
				GCC_WARN_64_TO_32_BIT_CONVERSION = YES;
				GCC_WARN_ABOUT_RETURN_TYPE = YES_ERROR;
				GCC_WARN_UNDECLARED_SELECTOR = YES;
				GCC_WARN_UNINITIALIZED_AUTOS = YES_AGGRESSIVE;
				GCC_WARN_UNUSED_FUNCTION = YES;
				GCC_WARN_UNUSED_VARIABLE = YES;
				IPHONEOS_DEPLOYMENT_TARGET = 14.4;
				MTL_ENABLE_DEBUG_INFO = NO;
				MTL_FAST_MATH = YES;
				SDKROOT = iphoneos;
				SWIFT_COMPILATION_MODE = wholemodule;
				SWIFT_OPTIMIZATION_LEVEL = "-O";
				VALIDATE_PRODUCT = YES;
			};
			name = Release;
		};
		67241AD126287C950075BDF1 /* Debug */ = {
			isa = XCBuildConfiguration;
			buildSettings = {
				ASSETCATALOG_COMPILER_APPICON_NAME = AppIcon;
				ASSETCATALOG_COMPILER_GLOBAL_ACCENT_COLOR_NAME = AccentColor;
				CODE_SIGN_STYLE = Automatic;
				INFOPLIST_FILE = TestForWebSolutions/Info.plist;
				LD_RUNPATH_SEARCH_PATHS = (
					"$(inherited)",
					"@executable_path/Frameworks",
				);
				PRODUCT_BUNDLE_IDENTIFIER = home.TestForWebSolutions;
				PRODUCT_NAME = "$(TARGET_NAME)";
				SWIFT_VERSION = 5.0;
				TARGETED_DEVICE_FAMILY = "1,2";
			};
			name = Debug;
		};
		67241AD226287C950075BDF1 /* Release */ = {
			isa = XCBuildConfiguration;
			buildSettings = {
				ASSETCATALOG_COMPILER_APPICON_NAME = AppIcon;
				ASSETCATALOG_COMPILER_GLOBAL_ACCENT_COLOR_NAME = AccentColor;
				CODE_SIGN_STYLE = Automatic;
				INFOPLIST_FILE = TestForWebSolutions/Info.plist;
				LD_RUNPATH_SEARCH_PATHS = (
					"$(inherited)",
					"@executable_path/Frameworks",
				);
				PRODUCT_BUNDLE_IDENTIFIER = home.TestForWebSolutions;
				PRODUCT_NAME = "$(TARGET_NAME)";
				SWIFT_VERSION = 5.0;
				TARGETED_DEVICE_FAMILY = "1,2";
			};
			name = Release;
		};
/* End XCBuildConfiguration section */

/* Begin XCConfigurationList section */
		67241AB726287C940075BDF1 /* Build configuration list for PBXProject "TestForWebSolutions" */ = {
			isa = XCConfigurationList;
			buildConfigurations = (
				67241ACE26287C950075BDF1 /* Debug */,
				67241ACF26287C950075BDF1 /* Release */,
			);
			defaultConfigurationIsVisible = 0;
			defaultConfigurationName = Release;
		};
		67241AD026287C950075BDF1 /* Build configuration list for PBXNativeTarget "TestForWebSolutions" */ = {
			isa = XCConfigurationList;
			buildConfigurations = (
				67241AD126287C950075BDF1 /* Debug */,
				67241AD226287C950075BDF1 /* Release */,
			);
			defaultConfigurationIsVisible = 0;
			defaultConfigurationName = Release;
		};
/* End XCConfigurationList section */
	};
	rootObject = 67241AB426287C940075BDF1 /* Project object */;
}
